{
  "name": "local-dep-project",
  "version": "1.0.0",
  "lockfileVersion": 3,
  "requires": true,
  "packages": {
    "": {
      "name": "local-dep-project",
      "version": "1.0.0",
      "dependencies": {
        "local-pkg": "file:./packages/local-pkg"
      }
    },
    "node_modules/local-pkg": {
      "resolved": "packages/local-pkg",
      "link": true
    },
    "packages/local-pkg": {
      "version": "1.0.0",
      "bin": {
        "local-hello": "bin/local-hello.js"
      }
    }
  }
}
