{
  "name": "basic-local-fixture",
  "version": "1.0.0",
  "lockfileVersion": 3,
  "requires": true,
  "packages": {
    "": {
      "name": "basic-local-fixture",
      "version": "1.0.0",
      "dependencies": {
        "mini-utils": "file:packages/mini-utils"
      },
      "devDependencies": {
        "tool-with-bin": "file:packages/tool-with-bin"
      }
    },
    "node_modules/mini-utils": {
      "resolved": "packages/mini-utils",
      "link": true
    },
    "node_modules/tool-with-bin": {
      "resolved": "packages/tool-with-bin",
      "link": true
    },
    "packages/mini-utils": {
      "version": "1.0.0"
    },
    "packages/tool-with-bin": {
      "version": "1.0.0",
      "dev": true,
      "bin": {
        "hello-tool": "bin/hello-tool.js"
      }
    }
  }
}
